
Microsoft Visual Studio Solution File, Format Version 12.00
# Visual Studio Version 17
VisualStudioVersion = 17.11.35327.3
MinimumVisualStudioVersion = 10.0.40219.1
Project("{FAE04EC0-301F-11D3-BF4B-00C04F79EFBC}") = "ConsoleApp4", "ConsoleApp4\ConsoleApp4.csproj", "{A31636D8-DCF6-4B72-A798-F74EFEBB5D14}"
EndProject
Global
	GlobalSection(SolutionConfigurationPlatforms) = preSolution
		Debug|Any CPU = Debug|Any CPU
		Release|Any CPU = Release|Any CPU
	EndGlobalSection
	GlobalSection(ProjectConfigurationPlatforms) = postSolution
		{A31636D8-DCF6-4B72-A798-F74EFEBB5D14}.Debug|Any CPU.ActiveCfg = Debug|Any CPU
		{A31636D8-DCF6-4B72-A798-F74EFEBB5D14}.Debug|Any CPU.Build.0 = Debug|Any CPU
		{A31636D8-DCF6-4B72-A798-F74EFEBB5D14}.Release|Any CPU.ActiveCfg = Release|Any CPU
		{A31636D8-DCF6-4B72-A798-F74EFEBB5D14}.Release|Any CPU.Build.0 = Release|Any CPU
	EndGlobalSection
	GlobalSection(SolutionProperties) = preSolution
		HideSolutionNode = FALSE
	EndGlobalSection
	GlobalSection(ExtensibilityGlobals) = postSolution
		SolutionGuid = {1708A0FC-0083-4AB8-B53B-EE58186C6804}
	EndGlobalSection
EndGlobal
